
Microsoft Visual Studio Solution File, Format Version 12.00
# Visual Studio Version 16
VisualStudioVersion = 16.0.29728.190
MinimumVisualStudioVersion = 10.0.40219.1
Project("{FAE04EC0-301F-11D3-BF4B-00C04F79EFBC}") = "SimpleWebPage", "SimpleWebPage.csproj", "{8CBE18F1-E100-4EE0-B123-AAA11815085F}"
EndProject
Global
	GlobalSection(SolutionConfigurationPlatforms) = preSolution
		Debug|Any CPU = Debug|Any CPU
		Release|Any CPU = Release|Any CPU
	EndGlobalSection
	GlobalSection(ProjectConfigurationPlatforms) = postSolution
		{8CBE18F1-E100-4EE0-B123-AAA11815085F}.Debug|Any CPU.ActiveCfg = Debug|Any CPU
		{8CBE18F1-E100-4EE0-B123-AAA11815085F}.Debug|Any CPU.Build.0 = Debug|Any CPU
		{8CBE18F1-E100-4EE0-B123-AAA11815085F}.Release|Any CPU.ActiveCfg = Release|Any CPU
		{8CBE18F1-E100-4EE0-B123-AAA11815085F}.Release|Any CPU.Build.0 = Release|Any CPU
	EndGlobalSection
	GlobalSection(SolutionProperties) = preSolution
		HideSolutionNode = FALSE
	EndGlobalSection
	GlobalSection(ExtensibilityGlobals) = postSolution
		SolutionGuid = {BA1F03A6-53A6-4ECD-97EF-167DC29A73A7}
	EndGlobalSection
EndGlobal
